
Microsoft Visual Studio Solution File, Format Version 12.00
# Visual Studio Version 16
VisualStudioVersion = 16.0.31727.386
MinimumVisualStudioVersion = 10.0.40219.1
Project("{FAE04EC0-301F-11D3-BF4B-00C04F79EFBC}") = "Brainfuck", "Brainfuck\Brainfuck.csproj", "{EE52EC72-5A45-48C3-B6A0-573D051A3CB0}"
EndProject
Global
	GlobalSection(SolutionConfigurationPlatforms) = preSolution
		Debug|Any CPU = Debug|Any CPU
		Release|Any CPU = Release|Any CPU
	EndGlobalSection
	GlobalSection(ProjectConfigurationPlatforms) = postSolution
		{EE52EC72-5A45-48C3-B6A0-573D051A3CB0}.Debug|Any CPU.ActiveCfg = Debug|Any CPU
		{EE52EC72-5A45-48C3-B6A0-573D051A3CB0}.Debug|Any CPU.Build.0 = Debug|Any CPU
		{EE52EC72-5A45-48C3-B6A0-573D051A3CB0}.Release|Any CPU.ActiveCfg = Release|Any CPU
		{EE52EC72-5A45-48C3-B6A0-573D051A3CB0}.Release|Any CPU.Build.0 = Release|Any CPU
	EndGlobalSection
	GlobalSection(SolutionProperties) = preSolution
		HideSolutionNode = FALSE
	EndGlobalSection
	GlobalSection(ExtensibilityGlobals) = postSolution
		SolutionGuid = {E2DFFB81-90A2-4A1E-8957-F6148D2763D3}
	EndGlobalSection
EndGlobal
